
Microsoft Visual Studio Solution File, Format Version 12.00
# Visual Studio Version 17
VisualStudioVersion = 17.6.33829.357
MinimumVisualStudioVersion = 10.0.40219.1
Project("{FAE04EC0-301F-11D3-BF4B-00C04F79EFBC}") = "WpfApp1", "WpfApp1\WpfApp1.csproj", "{EAE6BBCF-70DC-4B8E-96F6-AFAE714CA892}"
EndProject
Global
	GlobalSection(SolutionConfigurationPlatforms) = preSolution
		Debug|Any CPU = Debug|Any CPU
		Release|Any CPU = Release|Any CPU
	EndGlobalSection
	GlobalSection(ProjectConfigurationPlatforms) = postSolution
		{EAE6BBCF-70DC-4B8E-96F6-AFAE714CA892}.Debug|Any CPU.ActiveCfg = Debug|Any CPU
		{EAE6BBCF-70DC-4B8E-96F6-AFAE714CA892}.Debug|Any CPU.Build.0 = Debug|Any CPU
		{EAE6BBCF-70DC-4B8E-96F6-AFAE714CA892}.Release|Any CPU.ActiveCfg = Release|Any CPU
		{EAE6BBCF-70DC-4B8E-96F6-AFAE714CA892}.Release|Any CPU.Build.0 = Release|Any CPU
	EndGlobalSection
	GlobalSection(SolutionProperties) = preSolution
		HideSolutionNode = FALSE
	EndGlobalSection
	GlobalSection(ExtensibilityGlobals) = postSolution
		SolutionGuid = {0DA54642-8EAF-4B77-BFEF-D281E996D723}
	EndGlobalSection
EndGlobal
